# This file is automatically @generated by Cargo.
# It is not intended for manual editing.
version = 3

[[package]]
name = "ast"
version = "0.1.0"
dependencies = [
 "token",
]

[[package]]
name = "error_display"
version = "0.1.0"

[[package]]
name = "format"
version = "0.1.0"
dependencies = [
 "ast",
]

[[package]]
name = "jtools"
version = "0.1.0"

[[package]]
name = "parser"
version = "0.1.0"
dependencies = [
 "ast",
 "token",
]

[[package]]
name = "scanner"
version = "0.1.0"
dependencies = [
 "error_display",
 "token",
]

[[package]]
name = "tests"
version = "0.1.0"
dependencies = [
 "ast",
 "format",
 "parser",
 "scanner",
 "token",
]

[[package]]
name = "token"
version = "0.1.0"
